// !$*UTF8*$!
{
	archiveVersion = 1;
	classes = {
	};
	objectVersion = 50;
	objects = {

/* Begin PBXBuildFile section */
		1021FD51231581C600A6F29E /* AppDelegate.swift in Sources */ = {isa = PBXBuildFile; fileRef = 1021FD50231581C600A6F29E /* AppDelegate.swift */; };
		1021FD53231581C600A6F29E /* ViewController.swift in Sources */ = {isa = PBXBuildFile; fileRef = 1021FD52231581C600A6F29E /* ViewController.swift */; };
		1021FD56231581C600A6F29E /* Main.storyboard in Resources */ = {isa = PBXBuildFile; fileRef = 1021FD54231581C600A6F29E /* Main.storyboard */; };
		1021FD58231581C700A6F29E /* Assets.xcassets in Resources */ = {isa = PBXBuildFile; fileRef = 1021FD57231581C700A6F29E /* Assets.xcassets */; };
		1021FD5B231581C700A6F29E /* LaunchScreen.storyboard in Resources */ = {isa = PBXBuildFile; fileRef = 1021FD59231581C700A6F29E /* LaunchScreen.storyboard */; };
		1021FD66231581C700A6F29E /* ejemplo_iosTests.swift in Sources */ = {isa = PBXBuildFile; fileRef = 1021FD65231581C700A6F29E /* ejemplo_iosTests.swift */; };
		1021FD71231581C700A6F29E /* ejemplo_iosUITests.swift in Sources */ = {isa = PBXBuildFile; fileRef = 1021FD70231581C700A6F29E /* ejemplo_iosUITests.swift */; };
/* End PBXBuildFile section */

/* Begin PBXContainerItemProxy section */
		1021FD62231581C700A6F29E /* PBXContainerItemProxy */ = {
			isa = PBXContainerItemProxy;
			containerPortal = 1021FD45231581C600A6F29E /* Project object */;
			proxyType = 1;
			remoteGlobalIDString = 1021FD4C231581C600A6F29E;
			remoteInfo = "ejemplo-ios";
		};
		1021FD6D231581C700A6F29E /* PBXContainerItemProxy */ = {
			isa = PBXContainerItemProxy;
			containerPortal = 1021FD45231581C600A6F29E /* Project object */;
			proxyType = 1;
			remoteGlobalIDString = 1021FD4C231581C600A6F29E;
			remoteInfo = "ejemplo-ios";
		};
/* End PBXContainerItemProxy section */

/* Begin PBXFileReference section */
		1021FD4D231581C600A6F29E /* ejemplo-ios.app */ = {isa = PBXFileReference; explicitFileType = wrapper.application; includeInIndex = 0; path = "ejemplo-ios.app"; sourceTree = BUILT_PRODUCTS_DIR; };
		1021FD50231581C600A6F29E /* AppDelegate.swift */ = {isa = PBXFileReference; lastKnownFileType = sourcecode.swift; path = AppDelegate.swift; sourceTree = "<group>"; };
		1021FD52231581C600A6F29E /* ViewController.swift */ = {isa = PBXFileReference; lastKnownFileType = sourcecode.swift; path = ViewController.swift; sourceTree = "<group>"; };
		1021FD55231581C600A6F29E /* Base */ = {isa = PBXFileReference; lastKnownFileType = file.storyboard; name = Base; path = Base.lproj/Main.storyboard; sourceTree = "<group>"; };
		1021FD57231581C700A6F29E /* Assets.xcassets */ = {isa = PBXFileReference; lastKnownFileType = folder.assetcatalog; path = Assets.xcassets; sourceTree = "<group>"; };
		1021FD5A231581C700A6F29E /* Base */ = {isa = PBXFileReference; lastKnownFileType = file.storyboard; name = Base; path = Base.lproj/LaunchScreen.storyboard; sourceTree = "<group>"; };
		1021FD5C231581C700A6F29E /* Info.plist */ = {isa = PBXFileReference; lastKnownFileType = text.plist.xml; path = Info.plist; sourceTree = "<group>"; };
		1021FD61231581C700A6F29E /* ejemplo-iosTests.xctest */ = {isa = PBXFileReference; explicitFileType = wrapper.cfbundle; includeInIndex = 0; path = "ejemplo-iosTests.xctest"; sourceTree = BUILT_PRODUCTS_DIR; };
		1021FD65231581C700A6F29E /* ejemplo_iosTests.swift */ = {isa = PBXFileReference; lastKnownFileType = sourcecode.swift; path = ejemplo_iosTests.swift; sourceTree = "<group>"; };
		1021FD67231581C700A6F29E /* Info.plist */ = {isa = PBXFileReference; lastKnownFileType = text.plist.xml; path = Info.plist; sourceTree = "<group>"; };
		1021FD6C231581C700A6F29E /* ejemplo-iosUITests.xctest */ = {isa = PBXFileReference; explicitFileType = wrapper.cfbundle; includeInIndex = 0; path = "ejemplo-iosUITests.xctest"; sourceTree = BUILT_PRODUCTS_DIR; };
		1021FD70231581C700A6F29E /* ejemplo_iosUITests.swift */ = {isa = PBXFileReference; lastKnownFileType = sourcecode.swift; path = ejemplo_iosUITests.swift; sourceTree = "<group>"; };
		1021FD72231581C700A6F29E /* Info.plist */ = {isa = PBXFileReference; lastKnownFileType = text.plist.xml; path = Info.plist; sourceTree = "<group>"; };
/* End PBXFileReference section */

/* Begin PBXFrameworksBuildPhase section */
		1021FD4A231581C600A6F29E /* Frameworks */ = {
			isa = PBXFrameworksBuildPhase;
			buildActionMask = 2147483647;
			files = (
			);
			runOnlyForDeploymentPostprocessing = 0;
		};
		1021FD5E231581C700A6F29E /* Frameworks */ = {
			isa = PBXFrameworksBuildPhase;
			buildActionMask = 2147483647;
			files = (
			);
			runOnlyForDeploymentPostprocessing = 0;
		};
		1021FD69231581C700A6F29E /* Frameworks */ = {
			isa = PBXFrameworksBuildPhase;
			buildActionMask = 2147483647;
			files = (
			);
			runOnlyForDeploymentPostprocessing = 0;
		};
/* End PBXFrameworksBuildPhase section */

/* Begin PBXGroup section */
		1021FD44231581C600A6F29E = {
			isa = PBXGroup;
			children = (
				1021FD4F231581C600A6F29E /* ejemplo-ios */,
				1021FD64231581C700A6F29E /* ejemplo-iosTests */,
				1021FD6F231581C700A6F29E /* ejemplo-iosUITests */,
				1021FD4E231581C600A6F29E /* Products */,
			);
			sourceTree = "<group>";
		};
		1021FD4E231581C600A6F29E /* Products */ = {
			isa = PBXGroup;
			children = (
				1021FD4D231581C600A6F29E /* ejemplo-ios.app */,
				1021FD61231581C700A6F29E /* ejemplo-iosTests.xctest */,
				1021FD6C231581C700A6F29E /* ejemplo-iosUITests.xctest */,
			);
			name = Products;
			sourceTree = "<group>";
		};
		1021FD4F231581C600A6F29E /* ejemplo-ios */ = {
			isa = PBXGroup;
			children = (
				1021FD50231581C600A6F29E /* AppDelegate.swift */,
				1021FD52231581C600A6F29E /* ViewController.swift */,
				1021FD54231581C600A6F29E /* Main.storyboard */,
				1021FD57231581C700A6F29E /* Assets.xcassets */,
				1021FD59231581C700A6F29E /* LaunchScreen.storyboard */,
				1021FD5C231581C700A6F29E /* Info.plist */,
			);
			path = "ejemplo-ios";
			sourceTree = "<group>";
		};
		1021FD64231581C700A6F29E /* ejemplo-iosTests */ = {
			isa = PBXGroup;
			children = (
				1021FD65231581C700A6F29E /* ejemplo_iosTests.swift */,
				1021FD67231581C700A6F29E /* Info.plist */,
			);
			path = "ejemplo-iosTests";
			sourceTree = "<group>";
		};
		1021FD6F231581C700A6F29E /* ejemplo-iosUITests */ = {
			isa = PBXGroup;
			children = (
				1021FD70231581C700A6F29E /* ejemplo_iosUITests.swift */,
				1021FD72231581C700A6F29E /* Info.plist */,
			);
			path = "ejemplo-iosUITests";
			sourceTree = "<group>";
		};
/* End PBXGroup section */

/* Begin PBXNativeTarget section */
		1021FD4C231581C600A6F29E /* ejemplo-ios */ = {
			isa = PBXNativeTarget;
			buildConfigurationList = 1021FD75231581C700A6F29E /* Build configuration list for PBXNativeTarget "ejemplo-ios" */;
			buildPhases = (
				1021FD49231581C600A6F29E /* Sources */,
				1021FD4A231581C600A6F29E /* Frameworks */,
				1021FD4B231581C600A6F29E /* Resources */,
			);
			buildRules = (
			);
			dependencies = (
			);
			name = "ejemplo-ios";
			productName = "ejemplo-ios";
			productReference = 1021FD4D231581C600A6F29E /* ejemplo-ios.app */;
			productType = "com.apple.product-type.application";
		};
		1021FD60231581C700A6F29E /* ejemplo-iosTests */ = {
			isa = PBXNativeTarget;
			buildConfigurationList = 1021FD78231581C700A6F29E /* Build configuration list for PBXNativeTarget "ejemplo-iosTests" */;
			buildPhases = (
				1021FD5D231581C700A6F29E /* Sources */,
				1021FD5E231581C700A6F29E /* Frameworks */,
				1021FD5F231581C700A6F29E /* Resources */,
			);
			buildRules = (
			);
			dependencies = (
				1021FD63231581C700A6F29E /* PBXTargetDependency */,
			);
			name = "ejemplo-iosTests";
			productName = "ejemplo-iosTests";
			productReference = 1021FD61231581C700A6F29E /* ejemplo-iosTests.xctest */;
			productType = "com.apple.product-type.bundle.unit-test";
		};
		1021FD6B231581C700A6F29E /* ejemplo-iosUITests */ = {
			isa = PBXNativeTarget;
			buildConfigurationList = 1021FD7B231581C700A6F29E /* Build configuration list for PBXNativeTarget "ejemplo-iosUITests" */;
			buildPhases = (
				1021FD68231581C700A6F29E /* Sources */,
				1021FD69231581C700A6F29E /* Frameworks */,
				1021FD6A231581C700A6F29E /* Resources */,
			);
			buildRules = (
			);
			dependencies = (
				1021FD6E231581C700A6F29E /* PBXTargetDependency */,
			);
			name = "ejemplo-iosUITests";
			productName = "ejemplo-iosUITests";
			productReference = 1021FD6C231581C700A6F29E /* ejemplo-iosUITests.xctest */;
			productType = "com.apple.product-type.bundle.ui-testing";
		};
/* End PBXNativeTarget section */

/* Begin PBXProject section */
		1021FD45231581C600A6F29E /* Project object */ = {
			isa = PBXProject;
			attributes = {
				LastSwiftUpdateCheck = 1010;
				LastUpgradeCheck = 1010;
				ORGANIZATIONNAME = "owboard-200819";
				TargetAttributes = {
					1021FD4C231581C600A6F29E = {
						CreatedOnToolsVersion = 10.1;
					};
					1021FD60231581C700A6F29E = {
						CreatedOnToolsVersion = 10.1;
						TestTargetID = 1021FD4C231581C600A6F29E;
					};
					1021FD6B231581C700A6F29E = {
						CreatedOnToolsVersion = 10.1;
						TestTargetID = 1021FD4C231581C600A6F29E;
					};
				};
			};
			buildConfigurationList = 1021FD48231581C600A6F29E /* Build configuration list for PBXProject "ejemplo-ios" */;
			compatibilityVersion = "Xcode 9.3";
			developmentRegion = en;
			hasScannedForEncodings = 0;
			knownRegions = (
				en,
				Base,
			);
			mainGroup = 1021FD44231581C600A6F29E;
			productRefGroup = 1021FD4E231581C600A6F29E /* Products */;
			projectDirPath = "";
			projectRoot = "";
			targets = (
				1021FD4C231581C600A6F29E /* ejemplo-ios */,
				1021FD60231581C700A6F29E /* ejemplo-iosTests */,
				1021FD6B231581C700A6F29E /* ejemplo-iosUITests */,
			);
		};
/* End PBXProject section */

/* Begin PBXResourcesBuildPhase section */
		1021FD4B231581C600A6F29E /* Resources */ = {
			isa = PBXResourcesBuildPhase;
			buildActionMask = 2147483647;
			files = (
				1021FD5B231581C700A6F29E /* LaunchScreen.storyboard in Resources */,
				1021FD58231581C700A6F29E /* Assets.xcassets in Resources */,
				1021FD56231581C600A6F29E /* Main.storyboard in Resources */,
			);
			runOnlyForDeploymentPostprocessing = 0;
		};
		1021FD5F231581C700A6F29E /* Resources */ = {
			isa = PBXResourcesBuildPhase;
			buildActionMask = 2147483647;
			files = (
			);
			runOnlyForDeploymentPostprocessing = 0;
		};
		1021FD6A231581C700A6F29E /* Resources */ = {
			isa = PBXResourcesBuildPhase;
			buildActionMask = 2147483647;
			files = (
			);
			runOnlyForDeploymentPostprocessing = 0;
		};
/* End PBXResourcesBuildPhase section */

/* Begin PBXSourcesBuildPhase section */
		1021FD49231581C600A6F29E /* Sources */ = {
			isa = PBXSourcesBuildPhase;
			buildActionMask = 2147483647;
			files = (
				1021FD53231581C600A6F29E /* ViewController.swift in Sources */,
				1021FD51231581C600A6F29E /* AppDelegate.swift in Sources */,
			);
			runOnlyForDeploymentPostprocessing = 0;
		};
		1021FD5D231581C700A6F29E /* Sources */ = {
			isa = PBXSourcesBuildPhase;
			buildActionMask = 2147483647;
			files = (
				1021FD66231581C700A6F29E /* ejemplo_iosTests.swift in Sources */,
			);
			runOnlyForDeploymentPostprocessing = 0;
		};
		1021FD68231581C700A6F29E /* Sources */ = {
			isa = PBXSourcesBuildPhase;
			buildActionMask = 2147483647;
			files = (
				1021FD71231581C700A6F29E /* ejemplo_iosUITests.swift in Sources */,
			);
			runOnlyForDeploymentPostprocessing = 0;
		};
/* End PBXSourcesBuildPhase section */

/* Begin PBXTargetDependency section */
		1021FD63231581C700A6F29E /* PBXTargetDependency */ = {
			isa = PBXTargetDependency;
			target = 1021FD4C231581C600A6F29E /* ejemplo-ios */;
			targetProxy = 1021FD62231581C700A6F29E /* PBXContainerItemProxy */;
		};
		1021FD6E231581C700A6F29E /* PBXTargetDependency */ = {
			isa = PBXTargetDependency;
			target = 1021FD4C231581C600A6F29E /* ejemplo-ios */;
			targetProxy = 1021FD6D231581C700A6F29E /* PBXContainerItemProxy */;
		};
/* End PBXTargetDependency section */

/* Begin PBXVariantGroup section */
		1021FD54231581C600A6F29E /* Main.storyboard */ = {
			isa = PBXVariantGroup;
			children = (
				1021FD55231581C600A6F29E /* Base */,
			);
			name = Main.storyboard;
			sourceTree = "<group>";
		};
		1021FD59231581C700A6F29E /* LaunchScreen.storyboard */ = {
			isa = PBXVariantGroup;
			children = (
				1021FD5A231581C700A6F29E /* Base */,
			);
			name = LaunchScreen.storyboard;
			sourceTree = "<group>";
		};
/* End PBXVariantGroup section */

/* Begin XCBuildConfiguration section */
		1021FD73231581C700A6F29E /* Debug */ = {
			isa = XCBuildConfiguration;
			buildSettings = {
				ALWAYS_SEARCH_USER_PATHS = NO;
				CLANG_ANALYZER_NONNULL = YES;
				CLANG_ANALYZER_NUMBER_OBJECT_CONVERSION = YES_AGGRESSIVE;
				CLANG_CXX_LANGUAGE_STANDARD = "gnu++14";
				CLANG_CXX_LIBRARY = "libc++";
				CLANG_ENABLE_MODULES = YES;
				CLANG_ENABLE_OBJC_ARC = YES;
				CLANG_ENABLE_OBJC_WEAK = YES;
				CLANG_WARN_BLOCK_CAPTURE_AUTORELEASING = YES;
				CLANG_WARN_BOOL_CONVERSION = YES;
				CLANG_WARN_COMMA = YES;
				CLANG_WARN_CONSTANT_CONVERSION = YES;
				CLANG_WARN_DEPRECATED_OBJC_IMPLEMENTATIONS = YES;
				CLANG_WARN_DIRECT_OBJC_ISA_USAGE = YES_ERROR;
				CLANG_WARN_DOCUMENTATION_COMMENTS = YES;
				CLANG_WARN_EMPTY_BODY = YES;
				CLANG_WARN_ENUM_CONVERSION = YES;
				CLANG_WARN_INFINITE_RECURSION = YES;
				CLANG_WARN_INT_CONVERSION = YES;
				CLANG_WARN_NON_LITERAL_NULL_CONVERSION = YES;
				CLANG_WARN_OBJC_IMPLICIT_RETAIN_SELF = YES;
				CLANG_WARN_OBJC_LITERAL_CONVERSION = YES;
				CLANG_WARN_OBJC_ROOT_CLASS = YES_ERROR;
				CLANG_WARN_RANGE_LOOP_ANALYSIS = YES;
				CLANG_WARN_STRICT_PROTOTYPES = YES;
				CLANG_WARN_SUSPICIOUS_MOVE = YES;
				CLANG_WARN_UNGUARDED_AVAILABILITY = YES_AGGRESSIVE;
				CLANG_WARN_UNREACHABLE_CODE = YES;
				CLANG_WARN__DUPLICATE_METHOD_MATCH = YES;
				CODE_SIGN_IDENTITY = "iPhone Developer";
				COPY_PHASE_STRIP = NO;
				DEBUG_INFORMATION_FORMAT = dwarf;
				ENABLE_STRICT_OBJC_MSGSEND = YES;
				ENABLE_TESTABILITY = YES;
				GCC_C_LANGUAGE_STANDARD = gnu11;
				GCC_DYNAMIC_NO_PIC = NO;
				GCC_NO_COMMON_BLOCKS = YES;
				GCC_OPTIMIZATION_LEVEL = 0;
				GCC_PREPROCESSOR_DEFINITIONS = (
					"DEBUG=1",
					"$(inherited)",
				);
				GCC_WARN_64_TO_32_BIT_CONVERSION = YES;
				GCC_WARN_ABOUT_RETURN_TYPE = YES_ERROR;
				GCC_WARN_UNDECLARED_SELECTOR = YES;
				GCC_WARN_UNINITIALIZED_AUTOS = YES_AGGRESSIVE;
				GCC_WARN_UNUSED_FUNCTION = YES;
				GCC_WARN_UNUSED_VARIABLE = YES;
				IPHONEOS_DEPLOYMENT_TARGET = 12.1;
				MTL_ENABLE_DEBUG_INFO = INCLUDE_SOURCE;
				MTL_FAST_MATH = YES;
				ONLY_ACTIVE_ARCH = YES;
				SDKROOT = iphoneos;
				SWIFT_ACTIVE_COMPILATION_CONDITIONS = DEBUG;
				SWIFT_OPTIMIZATION_LEVEL = "-Onone";
			};
			name = Debug;
		};
		1021FD74231581C700A6F29E /* Release */ = {
			isa = XCBuildConfiguration;
			buildSettings = {
				ALWAYS_SEARCH_USER_PATHS = NO;
				CLANG_ANALYZER_NONNULL = YES;
				CLANG_ANALYZER_NUMBER_OBJECT_CONVERSION = YES_AGGRESSIVE;
				CLANG_CXX_LANGUAGE_STANDARD = "gnu++14";
				CLANG_CXX_LIBRARY = "libc++";
				CLANG_ENABLE_MODULES = YES;
				CLANG_ENABLE_OBJC_ARC = YES;
				CLANG_ENABLE_OBJC_WEAK = YES;
				CLANG_WARN_BLOCK_CAPTURE_AUTORELEASING = YES;
				CLANG_WARN_BOOL_CONVERSION = YES;
				CLANG_WARN_COMMA = YES;
				CLANG_WARN_CONSTANT_CONVERSION = YES;
				CLANG_WARN_DEPRECATED_OBJC_IMPLEMENTATIONS = YES;
				CLANG_WARN_DIRECT_OBJC_ISA_USAGE = YES_ERROR;
				CLANG_WARN_DOCUMENTATION_COMMENTS = YES;
				CLANG_WARN_EMPTY_BODY = YES;
				CLANG_WARN_ENUM_CONVERSION = YES;
				CLANG_WARN_INFINITE_RECURSION = YES;
				CLANG_WARN_INT_CONVERSION = YES;
				CLANG_WARN_NON_LITERAL_NULL_CONVERSION = YES;
				CLANG_WARN_OBJC_IMPLICIT_RETAIN_SELF = YES;
				CLANG_WARN_OBJC_LITERAL_CONVERSION = YES;
				CLANG_WARN_OBJC_ROOT_CLASS = YES_ERROR;
				CLANG_WARN_RANGE_LOOP_ANALYSIS = YES;
				CLANG_WARN_STRICT_PROTOTYPES = YES;
				CLANG_WARN_SUSPICIOUS_MOVE = YES;
				CLANG_WARN_UNGUARDED_AVAILABILITY = YES_AGGRESSIVE;
				CLANG_WARN_UNREACHABLE_CODE = YES;
				CLANG_WARN__DUPLICATE_METHOD_MATCH = YES;
				CODE_SIGN_IDENTITY = "iPhone Developer";
				COPY_PHASE_STRIP = NO;
				DEBUG_INFORMATION_FORMAT = "dwarf-with-dsym";
				ENABLE_NS_ASSERTIONS = NO;
				ENABLE_STRICT_OBJC_MSGSEND = YES;
				GCC_C_LANGUAGE_STANDARD = gnu11;
				GCC_NO_COMMON_BLOCKS = YES;
				GCC_WARN_64_TO_32_BIT_CONVERSION = YES;
				GCC_WARN_ABOUT_RETURN_TYPE = YES_ERROR;
				GCC_WARN_UNDECLARED_SELECTOR = YES;
				GCC_WARN_UNINITIALIZED_AUTOS = YES_AGGRESSIVE;
				GCC_WARN_UNUSED_FUNCTION = YES;
				GCC_WARN_UNUSED_VARIABLE = YES;
				IPHONEOS_DEPLOYMENT_TARGET = 12.1;
				MTL_ENABLE_DEBUG_INFO = NO;
				MTL_FAST_MATH = YES;
				SDKROOT = iphoneos;
				SWIFT_COMPILATION_MODE = wholemodule;
				SWIFT_OPTIMIZATION_LEVEL = "-O";
				VALIDATE_PRODUCT = YES;
			};
			name = Release;
		};
		1021FD76231581C700A6F29E /* Debug */ = {
			isa = XCBuildConfiguration;
			buildSettings = {
				ASSETCATALOG_COMPILER_APPICON_NAME = AppIcon;
				CODE_SIGN_STYLE = Automatic;
				DEVELOPMENT_TEAM = 57W8MHU5T9;
				INFOPLIST_FILE = "ejemplo-ios/Info.plist";
				LD_RUNPATH_SEARCH_PATHS = (
					"$(inherited)",
					"@executable_path/Frameworks",
				);
				PRODUCT_BUNDLE_IDENTIFIER = "com.maramos.ejemplo-ios";
				PRODUCT_NAME = "$(TARGET_NAME)";
				SWIFT_VERSION = 4.2;
				TARGETED_DEVICE_FAMILY = "1,2";
			};
			name = Debug;
		};
		1021FD77231581C700A6F29E /* Release */ = {
			isa = XCBuildConfiguration;
			buildSettings = {
				ASSETCATALOG_COMPILER_APPICON_NAME = AppIcon;
				CODE_SIGN_STYLE = Automatic;
				DEVELOPMENT_TEAM = 57W8MHU5T9;
				INFOPLIST_FILE = "ejemplo-ios/Info.plist";
				LD_RUNPATH_SEARCH_PATHS = (
					"$(inherited)",
					"@executable_path/Frameworks",
				);
				PRODUCT_BUNDLE_IDENTIFIER = "com.maramos.ejemplo-ios";
				PRODUCT_NAME = "$(TARGET_NAME)";
				SWIFT_VERSION = 4.2;
				TARGETED_DEVICE_FAMILY = "1,2";
			};
			name = Release;
		};
		1021FD79231581C700A6F29E /* Debug */ = {
			isa = XCBuildConfiguration;
			buildSettings = {
				ALWAYS_EMBED_SWIFT_STANDARD_LIBRARIES = YES;
				BUNDLE_LOADER = "$(TEST_HOST)";
				CODE_SIGN_STYLE = Automatic;
				DEVELOPMENT_TEAM = 57W8MHU5T9;
				INFOPLIST_FILE = "ejemplo-iosTests/Info.plist";
				LD_RUNPATH_SEARCH_PATHS = (
					"$(inherited)",
					"@executable_path/Frameworks",
					"@loader_path/Frameworks",
				);
				PRODUCT_BUNDLE_IDENTIFIER = "com.maramos.ejemplo-iosTests";
				PRODUCT_NAME = "$(TARGET_NAME)";
				SWIFT_VERSION = 4.2;
				TARGETED_DEVICE_FAMILY = "1,2";
				TEST_HOST = "$(BUILT_PRODUCTS_DIR)/ejemplo-ios.app/ejemplo-ios";
			};
			name = Debug;
		};
		1021FD7A231581C700A6F29E /* Release */ = {
			isa = XCBuildConfiguration;
			buildSettings = {
				ALWAYS_EMBED_SWIFT_STANDARD_LIBRARIES = YES;
				BUNDLE_LOADER = "$(TEST_HOST)";
				CODE_SIGN_STYLE = Automatic;
				DEVELOPMENT_TEAM = 57W8MHU5T9;
				INFOPLIST_FILE = "ejemplo-iosTests/Info.plist";
				LD_RUNPATH_SEARCH_PATHS = (
					"$(inherited)",
					"@executable_path/Frameworks",
					"@loader_path/Frameworks",
				);
				PRODUCT_BUNDLE_IDENTIFIER = "com.maramos.ejemplo-iosTests";
				PRODUCT_NAME = "$(TARGET_NAME)";
				SWIFT_VERSION = 4.2;
				TARGETED_DEVICE_FAMILY = "1,2";
				TEST_HOST = "$(BUILT_PRODUCTS_DIR)/ejemplo-ios.app/ejemplo-ios";
			};
			name = Release;
		};
		1021FD7C231581C700A6F29E /* Debug */ = {
			isa = XCBuildConfiguration;
			buildSettings = {
				ALWAYS_EMBED_SWIFT_STANDARD_LIBRARIES = YES;
				CODE_SIGN_STYLE = Automatic;
				DEVELOPMENT_TEAM = 57W8MHU5T9;
				INFOPLIST_FILE = "ejemplo-iosUITests/Info.plist";
				LD_RUNPATH_SEARCH_PATHS = (
					"$(inherited)",
					"@executable_path/Frameworks",
					"@loader_path/Frameworks",
				);
				PRODUCT_BUNDLE_IDENTIFIER = "com.maramos.ejemplo-iosUITests";
				PRODUCT_NAME = "$(TARGET_NAME)";
				SWIFT_VERSION = 4.2;
				TARGETED_DEVICE_FAMILY = "1,2";
				TEST_TARGET_NAME = "ejemplo-ios";
			};
			name = Debug;
		};
		1021FD7D231581C700A6F29E /* Release */ = {
			isa = XCBuildConfiguration;
			buildSettings = {
				ALWAYS_EMBED_SWIFT_STANDARD_LIBRARIES = YES;
				CODE_SIGN_STYLE = Automatic;
				DEVELOPMENT_TEAM = 57W8MHU5T9;
				INFOPLIST_FILE = "ejemplo-iosUITests/Info.plist";
				LD_RUNPATH_SEARCH_PATHS = (
					"$(inherited)",
					"@executable_path/Frameworks",
					"@loader_path/Frameworks",
				);
				PRODUCT_BUNDLE_IDENTIFIER = "com.maramos.ejemplo-iosUITests";
				PRODUCT_NAME = "$(TARGET_NAME)";
				SWIFT_VERSION = 4.2;
				TARGETED_DEVICE_FAMILY = "1,2";
				TEST_TARGET_NAME = "ejemplo-ios";
			};
			name = Release;
		};
/* End XCBuildConfiguration section */

/* Begin XCConfigurationList section */
		1021FD48231581C600A6F29E /* Build configuration list for PBXProject "ejemplo-ios" */ = {
			isa = XCConfigurationList;
			buildConfigurations = (
				1021FD73231581C700A6F29E /* Debug */,
				1021FD74231581C700A6F29E /* Release */,
			);
			defaultConfigurationIsVisible = 0;
			defaultConfigurationName = Release;
		};
		1021FD75231581C700A6F29E /* Build configuration list for PBXNativeTarget "ejemplo-ios" */ = {
			isa = XCConfigurationList;
			buildConfigurations = (
				1021FD76231581C700A6F29E /* Debug */,
				1021FD77231581C700A6F29E /* Release */,
			);
			defaultConfigurationIsVisible = 0;
			defaultConfigurationName = Release;
		};
		1021FD78231581C700A6F29E /* Build configuration list for PBXNativeTarget "ejemplo-iosTests" */ = {
			isa = XCConfigurationList;
			buildConfigurations = (
				1021FD79231581C700A6F29E /* Debug */,
				1021FD7A231581C700A6F29E /* Release */,
			);
			defaultConfigurationIsVisible = 0;
			defaultConfigurationName = Release;
		};
		1021FD7B231581C700A6F29E /* Build configuration list for PBXNativeTarget "ejemplo-iosUITests" */ = {
			isa = XCConfigurationList;
			buildConfigurations = (
				1021FD7C231581C700A6F29E /* Debug */,
				1021FD7D231581C700A6F29E /* Release */,
			);
			defaultConfigurationIsVisible = 0;
			defaultConfigurationName = Release;
		};
/* End XCConfigurationList section */
	};
	rootObject = 1021FD45231581C600A6F29E /* Project object */;
}
